
Microsoft Visual Studio Solution File, Format Version 12.00
# Visual Studio Version 17
VisualStudioVersion = 17.2.32516.85
MinimumVisualStudioVersion = 10.0.40219.1
Project("{2150E333-8FDC-42A3-9474-1A3956D46DE8}") = "src", "src", "{4757D19A-9E7D-41ED-A41B-2735ED03C020}"
EndProject
Project("{2150E333-8FDC-42A3-9474-1A3956D46DE8}") = "Core", "Core", "{FA0C72C4-6B21-40D5-A976-EC849AE1BD2E}"
EndProject
Project("{2150E333-8FDC-42A3-9474-1A3956D46DE8}") = "Integrations", "Integrations", "{8F067AD1-36D7-4D02-A3A0-B499957A74A3}"
EndProject
Project("{9A19103F-16F7-4668-BE54-9A1E7A4F7556}") = "Givt.Domain", "src\Core\Givt.Domain\Givt.Domain.csproj", "{DB5D81CB-A397-4F88-9050-B9EE867EBEFD}"
EndProject
Project("{9A19103F-16F7-4668-BE54-9A1E7A4F7556}") = "Givt.Persistence", "src\Core\Givt.Persistence\Givt.Persistence.csproj", "{A13D3C3A-39A5-4B20-BD54-5F981FC7695D}"
EndProject
Project("{9A19103F-16F7-4668-BE54-9A1E7A4F7556}") = "Givt.API", "src\Core\Givt.API\Givt.API.csproj", "{BB74ABB0-92AF-4953-B10B-5B3332F24997}"
EndProject
Project("{9A19103F-16F7-4668-BE54-9A1E7A4F7556}") = "Givt.Business", "src\Core\Givt.Business\Givt.Business.csproj", "{43F9A818-54DB-4339-94A4-580CD64E4C03}"
EndProject
Project("{9A19103F-16F7-4668-BE54-9A1E7A4F7556}") = "Givt.Infrastructure", "src\Core\Givt.Infrastructure\Givt.Infrastructure.csproj", "{2184B0AF-8CB9-46DA-BE2B-AA169FF912F8}"
EndProject
Project("{2150E333-8FDC-42A3-9474-1A3956D46DE8}") = "Test", "Test", "{2B149C9C-79DB-4486-8C5F-58E0300C85B7}"
EndProject
Project("{9A19103F-16F7-4668-BE54-9A1E7A4F7556}") = "Givt.Persistence.Test", "src\Test\Givt.Persistence.Test\Givt.Persistence.Test.csproj", "{F72C40AF-60A0-4BBC-BDF4-2808374CB4D8}"
EndProject
Project("{9A19103F-16F7-4668-BE54-9A1E7A4F7556}") = "Givt.API.UnitTest", "src\Test\Givt.API.UnitTest\Givt.API.UnitTest.csproj", "{41F2CD2A-F1CD-4A93-930C-C812631396BF}"
EndProject
Project("{9A19103F-16F7-4668-BE54-9A1E7A4F7556}") = "Givt.API.ComponentTest", "src\Test\Givt.API.ComponentTest\Givt.API.ComponentTest.csproj", "{CB4E873F-1237-4988-9C6E-C745BBE236EB}"
EndProject
Global
	GlobalSection(SolutionConfigurationPlatforms) = preSolution
		Debug|Any CPU = Debug|Any CPU
		Release|Any CPU = Release|Any CPU
	EndGlobalSection
	GlobalSection(ProjectConfigurationPlatforms) = postSolution
		{DB5D81CB-A397-4F88-9050-B9EE867EBEFD}.Debug|Any CPU.ActiveCfg = Debug|Any CPU
		{DB5D81CB-A397-4F88-9050-B9EE867EBEFD}.Debug|Any CPU.Build.0 = Debug|Any CPU
		{DB5D81CB-A397-4F88-9050-B9EE867EBEFD}.Release|Any CPU.ActiveCfg = Release|Any CPU
		{DB5D81CB-A397-4F88-9050-B9EE867EBEFD}.Release|Any CPU.Build.0 = Release|Any CPU
		{A13D3C3A-39A5-4B20-BD54-5F981FC7695D}.Debug|Any CPU.ActiveCfg = Debug|Any CPU
		{A13D3C3A-39A5-4B20-BD54-5F981FC7695D}.Debug|Any CPU.Build.0 = Debug|Any CPU
		{A13D3C3A-39A5-4B20-BD54-5F981FC7695D}.Release|Any CPU.ActiveCfg = Release|Any CPU
		{A13D3C3A-39A5-4B20-BD54-5F981FC7695D}.Release|Any CPU.Build.0 = Release|Any CPU
		{BB74ABB0-92AF-4953-B10B-5B3332F24997}.Debug|Any CPU.ActiveCfg = Debug|Any CPU
		{BB74ABB0-92AF-4953-B10B-5B3332F24997}.Debug|Any CPU.Build.0 = Debug|Any CPU
		{BB74ABB0-92AF-4953-B10B-5B3332F24997}.Release|Any CPU.ActiveCfg = Release|Any CPU
		{BB74ABB0-92AF-4953-B10B-5B3332F24997}.Release|Any CPU.Build.0 = Release|Any CPU
		{43F9A818-54DB-4339-94A4-580CD64E4C03}.Debug|Any CPU.ActiveCfg = Debug|Any CPU
		{43F9A818-54DB-4339-94A4-580CD64E4C03}.Debug|Any CPU.Build.0 = Debug|Any CPU
		{43F9A818-54DB-4339-94A4-580CD64E4C03}.Release|Any CPU.ActiveCfg = Release|Any CPU
		{43F9A818-54DB-4339-94A4-580CD64E4C03}.Release|Any CPU.Build.0 = Release|Any CPU
		{2184B0AF-8CB9-46DA-BE2B-AA169FF912F8}.Debug|Any CPU.ActiveCfg = Debug|Any CPU
		{2184B0AF-8CB9-46DA-BE2B-AA169FF912F8}.Debug|Any CPU.Build.0 = Debug|Any CPU
		{2184B0AF-8CB9-46DA-BE2B-AA169FF912F8}.Release|Any CPU.ActiveCfg = Release|Any CPU
		{2184B0AF-8CB9-46DA-BE2B-AA169FF912F8}.Release|Any CPU.Build.0 = Release|Any CPU
		{F72C40AF-60A0-4BBC-BDF4-2808374CB4D8}.Debug|Any CPU.ActiveCfg = Debug|Any CPU
		{F72C40AF-60A0-4BBC-BDF4-2808374CB4D8}.Debug|Any CPU.Build.0 = Debug|Any CPU
		{F72C40AF-60A0-4BBC-BDF4-2808374CB4D8}.Release|Any CPU.ActiveCfg = Release|Any CPU
		{F72C40AF-60A0-4BBC-BDF4-2808374CB4D8}.Release|Any CPU.Build.0 = Release|Any CPU
		{41F2CD2A-F1CD-4A93-930C-C812631396BF}.Debug|Any CPU.ActiveCfg = Debug|Any CPU
		{41F2CD2A-F1CD-4A93-930C-C812631396BF}.Debug|Any CPU.Build.0 = Debug|Any CPU
		{41F2CD2A-F1CD-4A93-930C-C812631396BF}.Release|Any CPU.ActiveCfg = Release|Any CPU
		{41F2CD2A-F1CD-4A93-930C-C812631396BF}.Release|Any CPU.Build.0 = Release|Any CPU
		{CB4E873F-1237-4988-9C6E-C745BBE236EB}.Debug|Any CPU.ActiveCfg = Debug|Any CPU
		{CB4E873F-1237-4988-9C6E-C745BBE236EB}.Debug|Any CPU.Build.0 = Debug|Any CPU
		{CB4E873F-1237-4988-9C6E-C745BBE236EB}.Release|Any CPU.ActiveCfg = Release|Any CPU
		{CB4E873F-1237-4988-9C6E-C745BBE236EB}.Release|Any CPU.Build.0 = Release|Any CPU
	EndGlobalSection
	GlobalSection(SolutionProperties) = preSolution
		HideSolutionNode = FALSE
	EndGlobalSection
	GlobalSection(NestedProjects) = preSolution
		{FA0C72C4-6B21-40D5-A976-EC849AE1BD2E} = {4757D19A-9E7D-41ED-A41B-2735ED03C020}
		{8F067AD1-36D7-4D02-A3A0-B499957A74A3} = {4757D19A-9E7D-41ED-A41B-2735ED03C020}
		{DB5D81CB-A397-4F88-9050-B9EE867EBEFD} = {FA0C72C4-6B21-40D5-A976-EC849AE1BD2E}
		{A13D3C3A-39A5-4B20-BD54-5F981FC7695D} = {FA0C72C4-6B21-40D5-A976-EC849AE1BD2E}
		{BB74ABB0-92AF-4953-B10B-5B3332F24997} = {FA0C72C4-6B21-40D5-A976-EC849AE1BD2E}
		{43F9A818-54DB-4339-94A4-580CD64E4C03} = {FA0C72C4-6B21-40D5-A976-EC849AE1BD2E}
		{2184B0AF-8CB9-46DA-BE2B-AA169FF912F8} = {FA0C72C4-6B21-40D5-A976-EC849AE1BD2E}
		{2B149C9C-79DB-4486-8C5F-58E0300C85B7} = {4757D19A-9E7D-41ED-A41B-2735ED03C020}
		{F72C40AF-60A0-4BBC-BDF4-2808374CB4D8} = {2B149C9C-79DB-4486-8C5F-58E0300C85B7}
		{41F2CD2A-F1CD-4A93-930C-C812631396BF} = {2B149C9C-79DB-4486-8C5F-58E0300C85B7}
		{CB4E873F-1237-4988-9C6E-C745BBE236EB} = {2B149C9C-79DB-4486-8C5F-58E0300C85B7}
	EndGlobalSection
	GlobalSection(ExtensibilityGlobals) = postSolution
		SolutionGuid = {8A88807F-23FE-4969-8A9E-A515390A97A0}
	EndGlobalSection
EndGlobal
