
Microsoft Visual Studio Solution File, Format Version 12.00
# Visual Studio Version 17
VisualStudioVersion = 17.2.32516.85
MinimumVisualStudioVersion = 10.0.40219.1
Project("{2150E333-8FDC-42A3-9474-1A3956D46DE8}") = "src", "src", "{4757D19A-9E7D-41ED-A41B-2735ED03C020}"
EndProject
Project("{2150E333-8FDC-42A3-9474-1A3956D46DE8}") = "Core", "Core", "{FA0C72C4-6B21-40D5-A976-EC849AE1BD2E}"
EndProject
Project("{9A19103F-16F7-4668-BE54-9A1E7A4F7556}") = "Givt.Core.Domain", "src\Core\Givt.Core.Domain\Givt.Core.Domain.csproj", "{DB5D81CB-A397-4F88-9050-B9EE867EBEFD}"
EndProject
Project("{9A19103F-16F7-4668-BE54-9A1E7A4F7556}") = "Givt.Core.Persistence", "src\Core\Givt.Core.Persistence\Givt.Core.Persistence.csproj", "{A13D3C3A-39A5-4B20-BD54-5F981FC7695D}"
EndProject
Project("{9A19103F-16F7-4668-BE54-9A1E7A4F7556}") = "Givt.Core.API", "src\Core\Givt.Core.API\Givt.Core.API.csproj", "{BB74ABB0-92AF-4953-B10B-5B3332F24997}"
EndProject
Project("{9A19103F-16F7-4668-BE54-9A1E7A4F7556}") = "Givt.Core.Business", "src\Core\Givt.Core.Business\Givt.Core.Business.csproj", "{43F9A818-54DB-4339-94A4-580CD64E4C03}"
EndProject
Project("{2150E333-8FDC-42A3-9474-1A3956D46DE8}") = "test", "test", "{2B149C9C-79DB-4486-8C5F-58E0300C85B7}"
EndProject
Project("{9A19103F-16F7-4668-BE54-9A1E7A4F7556}") = "Givt.Core.Persistence.Test", "src\Test\Givt.Core.Persistence.Test\Givt.Core.Persistence.Test.csproj", "{F72C40AF-60A0-4BBC-BDF4-2808374CB4D8}"
EndProject
Project("{9A19103F-16F7-4668-BE54-9A1E7A4F7556}") = "Givt.Core.API.UnitTest", "src\Test\Givt.Core.API.UnitTest\Givt.Core.API.UnitTest.csproj", "{41F2CD2A-F1CD-4A93-930C-C812631396BF}"
EndProject
Project("{9A19103F-16F7-4668-BE54-9A1E7A4F7556}") = "Givt.Core.API.ComponentTest", "src\Test\Givt.Core.API.ComponentTest\Givt.Core.API.ComponentTest.csproj", "{CB4E873F-1237-4988-9C6E-C745BBE236EB}"
EndProject
Project("{2150E333-8FDC-42A3-9474-1A3956D46DE8}") = "Givt.Platform", "Givt.Platform", "{2597D490-A6AA-4314-962C-DA194FEFCEF0}"
EndProject
Project("{9A19103F-16F7-4668-BE54-9A1E7A4F7556}") = "Givt.Platform.Common", "Givt.Platform\Givt.Platform.Common\Givt.Platform.Common.csproj", "{EB9AC8E3-1B52-4979-BE30-BB8F4BFF9E43}"
EndProject
Project("{9A19103F-16F7-4668-BE54-9A1E7A4F7556}") = "Givt.Platform.Payments", "Givt.Platform\Givt.Platform.Payments\Givt.Platform.Payments.csproj", "{E911F3D2-8DA0-44A6-A375-B0D8CFCD4816}"
EndProject
Project("{9A19103F-16F7-4668-BE54-9A1E7A4F7556}") = "Givt.Platform.CockroachDb", "Givt.Platform\Givt.Platform.CockroachDb\Givt.Platform.CockroachDb.csproj", "{EEBBAB7C-CDB9-4E8C-AE74-F59016559F12}"
EndProject
Project("{9A19103F-16F7-4668-BE54-9A1E7A4F7556}") = "Givt.Platform.EF", "Givt.Platform\Givt.Platform.EF\Givt.Platform.EF.csproj", "{236B140E-3C70-4372-84F6-DFD563B73958}"
EndProject
Global
	GlobalSection(SolutionConfigurationPlatforms) = preSolution
		Debug|Any CPU = Debug|Any CPU
		Release|Any CPU = Release|Any CPU
	EndGlobalSection
	GlobalSection(ProjectConfigurationPlatforms) = postSolution
		{DB5D81CB-A397-4F88-9050-B9EE867EBEFD}.Debug|Any CPU.ActiveCfg = Debug|Any CPU
		{DB5D81CB-A397-4F88-9050-B9EE867EBEFD}.Debug|Any CPU.Build.0 = Debug|Any CPU
		{DB5D81CB-A397-4F88-9050-B9EE867EBEFD}.Release|Any CPU.ActiveCfg = Release|Any CPU
		{DB5D81CB-A397-4F88-9050-B9EE867EBEFD}.Release|Any CPU.Build.0 = Release|Any CPU
		{A13D3C3A-39A5-4B20-BD54-5F981FC7695D}.Debug|Any CPU.ActiveCfg = Debug|Any CPU
		{A13D3C3A-39A5-4B20-BD54-5F981FC7695D}.Debug|Any CPU.Build.0 = Debug|Any CPU
		{A13D3C3A-39A5-4B20-BD54-5F981FC7695D}.Release|Any CPU.ActiveCfg = Release|Any CPU
		{A13D3C3A-39A5-4B20-BD54-5F981FC7695D}.Release|Any CPU.Build.0 = Release|Any CPU
		{BB74ABB0-92AF-4953-B10B-5B3332F24997}.Debug|Any CPU.ActiveCfg = Debug|Any CPU
		{BB74ABB0-92AF-4953-B10B-5B3332F24997}.Debug|Any CPU.Build.0 = Debug|Any CPU
		{BB74ABB0-92AF-4953-B10B-5B3332F24997}.Release|Any CPU.ActiveCfg = Release|Any CPU
		{BB74ABB0-92AF-4953-B10B-5B3332F24997}.Release|Any CPU.Build.0 = Release|Any CPU
		{43F9A818-54DB-4339-94A4-580CD64E4C03}.Debug|Any CPU.ActiveCfg = Debug|Any CPU
		{43F9A818-54DB-4339-94A4-580CD64E4C03}.Debug|Any CPU.Build.0 = Debug|Any CPU
		{43F9A818-54DB-4339-94A4-580CD64E4C03}.Release|Any CPU.ActiveCfg = Release|Any CPU
		{43F9A818-54DB-4339-94A4-580CD64E4C03}.Release|Any CPU.Build.0 = Release|Any CPU
		{F72C40AF-60A0-4BBC-BDF4-2808374CB4D8}.Debug|Any CPU.ActiveCfg = Debug|Any CPU
		{F72C40AF-60A0-4BBC-BDF4-2808374CB4D8}.Debug|Any CPU.Build.0 = Debug|Any CPU
		{F72C40AF-60A0-4BBC-BDF4-2808374CB4D8}.Release|Any CPU.ActiveCfg = Release|Any CPU
		{F72C40AF-60A0-4BBC-BDF4-2808374CB4D8}.Release|Any CPU.Build.0 = Release|Any CPU
		{41F2CD2A-F1CD-4A93-930C-C812631396BF}.Debug|Any CPU.ActiveCfg = Debug|Any CPU
		{41F2CD2A-F1CD-4A93-930C-C812631396BF}.Debug|Any CPU.Build.0 = Debug|Any CPU
		{41F2CD2A-F1CD-4A93-930C-C812631396BF}.Release|Any CPU.ActiveCfg = Release|Any CPU
		{41F2CD2A-F1CD-4A93-930C-C812631396BF}.Release|Any CPU.Build.0 = Release|Any CPU
		{CB4E873F-1237-4988-9C6E-C745BBE236EB}.Debug|Any CPU.ActiveCfg = Debug|Any CPU
		{CB4E873F-1237-4988-9C6E-C745BBE236EB}.Debug|Any CPU.Build.0 = Debug|Any CPU
		{CB4E873F-1237-4988-9C6E-C745BBE236EB}.Release|Any CPU.ActiveCfg = Release|Any CPU
		{CB4E873F-1237-4988-9C6E-C745BBE236EB}.Release|Any CPU.Build.0 = Release|Any CPU
		{EB9AC8E3-1B52-4979-BE30-BB8F4BFF9E43}.Debug|Any CPU.ActiveCfg = Debug|Any CPU
		{EB9AC8E3-1B52-4979-BE30-BB8F4BFF9E43}.Debug|Any CPU.Build.0 = Debug|Any CPU
		{EB9AC8E3-1B52-4979-BE30-BB8F4BFF9E43}.Release|Any CPU.ActiveCfg = Release|Any CPU
		{EB9AC8E3-1B52-4979-BE30-BB8F4BFF9E43}.Release|Any CPU.Build.0 = Release|Any CPU
		{E911F3D2-8DA0-44A6-A375-B0D8CFCD4816}.Debug|Any CPU.ActiveCfg = Debug|Any CPU
		{E911F3D2-8DA0-44A6-A375-B0D8CFCD4816}.Debug|Any CPU.Build.0 = Debug|Any CPU
		{E911F3D2-8DA0-44A6-A375-B0D8CFCD4816}.Release|Any CPU.ActiveCfg = Release|Any CPU
		{E911F3D2-8DA0-44A6-A375-B0D8CFCD4816}.Release|Any CPU.Build.0 = Release|Any CPU
		{EEBBAB7C-CDB9-4E8C-AE74-F59016559F12}.Debug|Any CPU.ActiveCfg = Debug|Any CPU
		{EEBBAB7C-CDB9-4E8C-AE74-F59016559F12}.Debug|Any CPU.Build.0 = Debug|Any CPU
		{EEBBAB7C-CDB9-4E8C-AE74-F59016559F12}.Release|Any CPU.ActiveCfg = Release|Any CPU
		{EEBBAB7C-CDB9-4E8C-AE74-F59016559F12}.Release|Any CPU.Build.0 = Release|Any CPU
		{236B140E-3C70-4372-84F6-DFD563B73958}.Debug|Any CPU.ActiveCfg = Debug|Any CPU
		{236B140E-3C70-4372-84F6-DFD563B73958}.Debug|Any CPU.Build.0 = Debug|Any CPU
		{236B140E-3C70-4372-84F6-DFD563B73958}.Release|Any CPU.ActiveCfg = Release|Any CPU
		{236B140E-3C70-4372-84F6-DFD563B73958}.Release|Any CPU.Build.0 = Release|Any CPU
	EndGlobalSection
	GlobalSection(SolutionProperties) = preSolution
		HideSolutionNode = FALSE
	EndGlobalSection
	GlobalSection(NestedProjects) = preSolution
		{FA0C72C4-6B21-40D5-A976-EC849AE1BD2E} = {4757D19A-9E7D-41ED-A41B-2735ED03C020}
		{DB5D81CB-A397-4F88-9050-B9EE867EBEFD} = {FA0C72C4-6B21-40D5-A976-EC849AE1BD2E}
		{A13D3C3A-39A5-4B20-BD54-5F981FC7695D} = {FA0C72C4-6B21-40D5-A976-EC849AE1BD2E}
		{BB74ABB0-92AF-4953-B10B-5B3332F24997} = {FA0C72C4-6B21-40D5-A976-EC849AE1BD2E}
		{43F9A818-54DB-4339-94A4-580CD64E4C03} = {FA0C72C4-6B21-40D5-A976-EC849AE1BD2E}
		{2B149C9C-79DB-4486-8C5F-58E0300C85B7} = {4757D19A-9E7D-41ED-A41B-2735ED03C020}
		{F72C40AF-60A0-4BBC-BDF4-2808374CB4D8} = {2B149C9C-79DB-4486-8C5F-58E0300C85B7}
		{41F2CD2A-F1CD-4A93-930C-C812631396BF} = {2B149C9C-79DB-4486-8C5F-58E0300C85B7}
		{CB4E873F-1237-4988-9C6E-C745BBE236EB} = {2B149C9C-79DB-4486-8C5F-58E0300C85B7}
		{EB9AC8E3-1B52-4979-BE30-BB8F4BFF9E43} = {2597D490-A6AA-4314-962C-DA194FEFCEF0}
		{E911F3D2-8DA0-44A6-A375-B0D8CFCD4816} = {2597D490-A6AA-4314-962C-DA194FEFCEF0}
		{EEBBAB7C-CDB9-4E8C-AE74-F59016559F12} = {2597D490-A6AA-4314-962C-DA194FEFCEF0}
		{236B140E-3C70-4372-84F6-DFD563B73958} = {2597D490-A6AA-4314-962C-DA194FEFCEF0}
	EndGlobalSection
	GlobalSection(ExtensibilityGlobals) = postSolution
		SolutionGuid = {8A88807F-23FE-4969-8A9E-A515390A97A0}
	EndGlobalSection
EndGlobal
